
Microsoft Visual Studio Solution File, Format Version 12.00
# Visual Studio Version 17
VisualStudioVersion = 17.0.31903.59
MinimumVisualStudioVersion = 10.0.40219.1
Project("{2150E333-8FDC-42A3-9474-1A3956D46DE8}") = "src", "src", "{5B5344A7-59CE-4A61-8C85-ACD115DF046D}"
EndProject
Project("{FAE04EC0-301F-11D3-BF4B-00C04F79EFBC}") = "MonParsing.Core", "src\MonParsing.Core\MonParsing.Core.csproj", "{987BA4B6-7351-4AB8-9442-1A215F5075DC}"
EndProject
Project("{2150E333-8FDC-42A3-9474-1A3956D46DE8}") = "tests", "tests", "{792B21A5-A624-4C34-BA16-1FFCCD1ED010}"
EndProject
Project("{FAE04EC0-301F-11D3-BF4B-00C04F79EFBC}") = "MonParsing.Core.Tests", "tests\MonParsing.Core.Tests\MonParsing.Core.Tests.csproj", "{FB7DF8E1-D368-4052-978D-8727FC5572E3}"
EndProject
Global
	GlobalSection(SolutionConfigurationPlatforms) = preSolution
		Debug|Any CPU = Debug|Any CPU
		Release|Any CPU = Release|Any CPU
	EndGlobalSection
	GlobalSection(SolutionProperties) = preSolution
		HideSolutionNode = FALSE
	EndGlobalSection
	GlobalSection(ProjectConfigurationPlatforms) = postSolution
		{987BA4B6-7351-4AB8-9442-1A215F5075DC}.Debug|Any CPU.ActiveCfg = Debug|Any CPU
		{987BA4B6-7351-4AB8-9442-1A215F5075DC}.Debug|Any CPU.Build.0 = Debug|Any CPU
		{987BA4B6-7351-4AB8-9442-1A215F5075DC}.Release|Any CPU.ActiveCfg = Release|Any CPU
		{987BA4B6-7351-4AB8-9442-1A215F5075DC}.Release|Any CPU.Build.0 = Release|Any CPU
		{FB7DF8E1-D368-4052-978D-8727FC5572E3}.Debug|Any CPU.ActiveCfg = Debug|Any CPU
		{FB7DF8E1-D368-4052-978D-8727FC5572E3}.Debug|Any CPU.Build.0 = Debug|Any CPU
		{FB7DF8E1-D368-4052-978D-8727FC5572E3}.Release|Any CPU.ActiveCfg = Release|Any CPU
		{FB7DF8E1-D368-4052-978D-8727FC5572E3}.Release|Any CPU.Build.0 = Release|Any CPU
	EndGlobalSection
	GlobalSection(NestedProjects) = preSolution
		{987BA4B6-7351-4AB8-9442-1A215F5075DC} = {5B5344A7-59CE-4A61-8C85-ACD115DF046D}
		{FB7DF8E1-D368-4052-978D-8727FC5572E3} = {792B21A5-A624-4C34-BA16-1FFCCD1ED010}
	EndGlobalSection
EndGlobal
